// !$*UTF8*$!
{
	archiveVersion = 1;
	classes = {
	};
	objectVersion = 46;
	objects = {

/* Begin PBXBuildFile section */
		B3D460091B019BC0004FB8FF /* main.m in Sources */ = {isa = PBXBuildFile; fileRef = B3D460081B019BC0004FB8FF /* main.m */; };
		B3D4600C1B019BC0004FB8FF /* AppDelegate.m in Sources */ = {isa = PBXBuildFile; fileRef = B3D4600B1B019BC0004FB8FF /* AppDelegate.m */; };
		B3D4600F1B019BC0004FB8FF /* ViewController.m in Sources */ = {isa = PBXBuildFile; fileRef = B3D4600E1B019BC0004FB8FF /* ViewController.m */; };
		B3D460121B019BC0004FB8FF /* Main.storyboard in Resources */ = {isa = PBXBuildFile; fileRef = B3D460101B019BC0004FB8FF /* Main.storyboard */; };
		B3D460141B019BC0004FB8FF /* Images.xcassets in Resources */ = {isa = PBXBuildFile; fileRef = B3D460131B019BC0004FB8FF /* Images.xcassets */; };
		B3D460171B019BC0004FB8FF /* LaunchScreen.xib in Resources */ = {isa = PBXBuildFile; fileRef = B3D460151B019BC0004FB8FF /* LaunchScreen.xib */; };
		B3D460231B019BC0004FB8FF /* KLTransitionStyleTests.m in Sources */ = {isa = PBXBuildFile; fileRef = B3D460221B019BC0004FB8FF /* KLTransitionStyleTests.m */; };
/* End PBXBuildFile section */

/* Begin PBXContainerItemProxy section */
		B3D4601D1B019BC0004FB8FF /* PBXContainerItemProxy */ = {
			isa = PBXContainerItemProxy;
			containerPortal = B3D45FFB1B019BC0004FB8FF /* Project object */;
			proxyType = 1;
			remoteGlobalIDString = B3D460021B019BC0004FB8FF;
			remoteInfo = KLTransitionStyle;
		};
/* End PBXContainerItemProxy section */

/* Begin PBXFileReference section */
		B3D460031B019BC0004FB8FF /* KLTransitionStyle.app */ = {isa = PBXFileReference; explicitFileType = wrapper.application; includeInIndex = 0; path = KLTransitionStyle.app; sourceTree = BUILT_PRODUCTS_DIR; };
		B3D460071B019BC0004FB8FF /* Info.plist */ = {isa = PBXFileReference; lastKnownFileType = text.plist.xml; path = Info.plist; sourceTree = "<group>"; };
		B3D460081B019BC0004FB8FF /* main.m */ = {isa = PBXFileReference; lastKnownFileType = sourcecode.c.objc; path = main.m; sourceTree = "<group>"; };
		B3D4600A1B019BC0004FB8FF /* AppDelegate.h */ = {isa = PBXFileReference; lastKnownFileType = sourcecode.c.h; path = AppDelegate.h; sourceTree = "<group>"; };
		B3D4600B1B019BC0004FB8FF /* AppDelegate.m */ = {isa = PBXFileReference; lastKnownFileType = sourcecode.c.objc; path = AppDelegate.m; sourceTree = "<group>"; };
		B3D4600D1B019BC0004FB8FF /* ViewController.h */ = {isa = PBXFileReference; lastKnownFileType = sourcecode.c.h; path = ViewController.h; sourceTree = "<group>"; };
		B3D4600E1B019BC0004FB8FF /* ViewController.m */ = {isa = PBXFileReference; lastKnownFileType = sourcecode.c.objc; path = ViewController.m; sourceTree = "<group>"; };
		B3D460111B019BC0004FB8FF /* Base */ = {isa = PBXFileReference; lastKnownFileType = file.storyboard; name = Base; path = Base.lproj/Main.storyboard; sourceTree = "<group>"; };
		B3D460131B019BC0004FB8FF /* Images.xcassets */ = {isa = PBXFileReference; lastKnownFileType = folder.assetcatalog; path = Images.xcassets; sourceTree = "<group>"; };
		B3D460161B019BC0004FB8FF /* Base */ = {isa = PBXFileReference; lastKnownFileType = file.xib; name = Base; path = Base.lproj/LaunchScreen.xib; sourceTree = "<group>"; };
		B3D4601C1B019BC0004FB8FF /* KLTransitionStyleTests.xctest */ = {isa = PBXFileReference; explicitFileType = wrapper.cfbundle; includeInIndex = 0; path = KLTransitionStyleTests.xctest; sourceTree = BUILT_PRODUCTS_DIR; };
		B3D460211B019BC0004FB8FF /* Info.plist */ = {isa = PBXFileReference; lastKnownFileType = text.plist.xml; path = Info.plist; sourceTree = "<group>"; };
		B3D460221B019BC0004FB8FF /* KLTransitionStyleTests.m */ = {isa = PBXFileReference; lastKnownFileType = sourcecode.c.objc; path = KLTransitionStyleTests.m; sourceTree = "<group>"; };
/* End PBXFileReference section */

/* Begin PBXFrameworksBuildPhase section */
		B3D460001B019BC0004FB8FF /* Frameworks */ = {
			isa = PBXFrameworksBuildPhase;
			buildActionMask = 2147483647;
			files = (
			);
			runOnlyForDeploymentPostprocessing = 0;
		};
		B3D460191B019BC0004FB8FF /* Frameworks */ = {
			isa = PBXFrameworksBuildPhase;
			buildActionMask = 2147483647;
			files = (
			);
			runOnlyForDeploymentPostprocessing = 0;
		};
/* End PBXFrameworksBuildPhase section */

/* Begin PBXGroup section */
		B3D45FFA1B019BC0004FB8FF = {
			isa = PBXGroup;
			children = (
				B3D460051B019BC0004FB8FF /* KLTransitionStyle */,
				B3D4601F1B019BC0004FB8FF /* KLTransitionStyleTests */,
				B3D460041B019BC0004FB8FF /* Products */,
			);
			sourceTree = "<group>";
		};
		B3D460041B019BC0004FB8FF /* Products */ = {
			isa = PBXGroup;
			children = (
				B3D460031B019BC0004FB8FF /* KLTransitionStyle.app */,
				B3D4601C1B019BC0004FB8FF /* KLTransitionStyleTests.xctest */,
			);
			name = Products;
			sourceTree = "<group>";
		};
		B3D460051B019BC0004FB8FF /* KLTransitionStyle */ = {
			isa = PBXGroup;
			children = (
				B3D4600A1B019BC0004FB8FF /* AppDelegate.h */,
				B3D4600B1B019BC0004FB8FF /* AppDelegate.m */,
				B3D4600D1B019BC0004FB8FF /* ViewController.h */,
				B3D4600E1B019BC0004FB8FF /* ViewController.m */,
				B3D460101B019BC0004FB8FF /* Main.storyboard */,
				B3D460131B019BC0004FB8FF /* Images.xcassets */,
				B3D460151B019BC0004FB8FF /* LaunchScreen.xib */,
				B3D460061B019BC0004FB8FF /* Supporting Files */,
			);
			path = KLTransitionStyle;
			sourceTree = "<group>";
		};
		B3D460061B019BC0004FB8FF /* Supporting Files */ = {
			isa = PBXGroup;
			children = (
				B3D460071B019BC0004FB8FF /* Info.plist */,
				B3D460081B019BC0004FB8FF /* main.m */,
			);
			name = "Supporting Files";
			sourceTree = "<group>";
		};
		B3D4601F1B019BC0004FB8FF /* KLTransitionStyleTests */ = {
			isa = PBXGroup;
			children = (
				B3D460221B019BC0004FB8FF /* KLTransitionStyleTests.m */,
				B3D460201B019BC0004FB8FF /* Supporting Files */,
			);
			path = KLTransitionStyleTests;
			sourceTree = "<group>";
		};
		B3D460201B019BC0004FB8FF /* Supporting Files */ = {
			isa = PBXGroup;
			children = (
				B3D460211B019BC0004FB8FF /* Info.plist */,
			);
			name = "Supporting Files";
			sourceTree = "<group>";
		};
/* End PBXGroup section */

/* Begin PBXNativeTarget section */
		B3D460021B019BC0004FB8FF /* KLTransitionStyle */ = {
			isa = PBXNativeTarget;
			buildConfigurationList = B3D460261B019BC0004FB8FF /* Build configuration list for PBXNativeTarget "KLTransitionStyle" */;
			buildPhases = (
				B3D45FFF1B019BC0004FB8FF /* Sources */,
				B3D460001B019BC0004FB8FF /* Frameworks */,
				B3D460011B019BC0004FB8FF /* Resources */,
			);
			buildRules = (
			);
			dependencies = (
			);
			name = KLTransitionStyle;
			productName = KLTransitionStyle;
			productReference = B3D460031B019BC0004FB8FF /* KLTransitionStyle.app */;
			productType = "com.apple.product-type.application";
		};
		B3D4601B1B019BC0004FB8FF /* KLTransitionStyleTests */ = {
			isa = PBXNativeTarget;
			buildConfigurationList = B3D460291B019BC0004FB8FF /* Build configuration list for PBXNativeTarget "KLTransitionStyleTests" */;
			buildPhases = (
				B3D460181B019BC0004FB8FF /* Sources */,
				B3D460191B019BC0004FB8FF /* Frameworks */,
				B3D4601A1B019BC0004FB8FF /* Resources */,
			);
			buildRules = (
			);
			dependencies = (
				B3D4601E1B019BC0004FB8FF /* PBXTargetDependency */,
			);
			name = KLTransitionStyleTests;
			productName = KLTransitionStyleTests;
			productReference = B3D4601C1B019BC0004FB8FF /* KLTransitionStyleTests.xctest */;
			productType = "com.apple.product-type.bundle.unit-test";
		};
/* End PBXNativeTarget section */

/* Begin PBXProject section */
		B3D45FFB1B019BC0004FB8FF /* Project object */ = {
			isa = PBXProject;
			attributes = {
				LastUpgradeCheck = 0630;
				ORGANIZATIONNAME = "SpringHouse Entertainment Inc.";
				TargetAttributes = {
					B3D460021B019BC0004FB8FF = {
						CreatedOnToolsVersion = 6.3.1;
					};
					B3D4601B1B019BC0004FB8FF = {
						CreatedOnToolsVersion = 6.3.1;
						TestTargetID = B3D460021B019BC0004FB8FF;
					};
				};
			};
			buildConfigurationList = B3D45FFE1B019BC0004FB8FF /* Build configuration list for PBXProject "KLTransitionStyle" */;
			compatibilityVersion = "Xcode 3.2";
			developmentRegion = English;
			hasScannedForEncodings = 0;
			knownRegions = (
				en,
				Base,
			);
			mainGroup = B3D45FFA1B019BC0004FB8FF;
			productRefGroup = B3D460041B019BC0004FB8FF /* Products */;
			projectDirPath = "";
			projectRoot = "";
			targets = (
				B3D460021B019BC0004FB8FF /* KLTransitionStyle */,
				B3D4601B1B019BC0004FB8FF /* KLTransitionStyleTests */,
			);
		};
/* End PBXProject section */

/* Begin PBXResourcesBuildPhase section */
		B3D460011B019BC0004FB8FF /* Resources */ = {
			isa = PBXResourcesBuildPhase;
			buildActionMask = 2147483647;
			files = (
				B3D460121B019BC0004FB8FF /* Main.storyboard in Resources */,
				B3D460171B019BC0004FB8FF /* LaunchScreen.xib in Resources */,
				B3D460141B019BC0004FB8FF /* Images.xcassets in Resources */,
			);
			runOnlyForDeploymentPostprocessing = 0;
		};
		B3D4601A1B019BC0004FB8FF /* Resources */ = {
			isa = PBXResourcesBuildPhase;
			buildActionMask = 2147483647;
			files = (
			);
			runOnlyForDeploymentPostprocessing = 0;
		};
/* End PBXResourcesBuildPhase section */

/* Begin PBXSourcesBuildPhase section */
		B3D45FFF1B019BC0004FB8FF /* Sources */ = {
			isa = PBXSourcesBuildPhase;
			buildActionMask = 2147483647;
			files = (
				B3D4600F1B019BC0004FB8FF /* ViewController.m in Sources */,
				B3D4600C1B019BC0004FB8FF /* AppDelegate.m in Sources */,
				B3D460091B019BC0004FB8FF /* main.m in Sources */,
			);
			runOnlyForDeploymentPostprocessing = 0;
		};
		B3D460181B019BC0004FB8FF /* Sources */ = {
			isa = PBXSourcesBuildPhase;
			buildActionMask = 2147483647;
			files = (
				B3D460231B019BC0004FB8FF /* KLTransitionStyleTests.m in Sources */,
			);
			runOnlyForDeploymentPostprocessing = 0;
		};
/* End PBXSourcesBuildPhase section */

/* Begin PBXTargetDependency section */
		B3D4601E1B019BC0004FB8FF /* PBXTargetDependency */ = {
			isa = PBXTargetDependency;
			target = B3D460021B019BC0004FB8FF /* KLTransitionStyle */;
			targetProxy = B3D4601D1B019BC0004FB8FF /* PBXContainerItemProxy */;
		};
/* End PBXTargetDependency section */

/* Begin PBXVariantGroup section */
		B3D460101B019BC0004FB8FF /* Main.storyboard */ = {
			isa = PBXVariantGroup;
			children = (
				B3D460111B019BC0004FB8FF /* Base */,
			);
			name = Main.storyboard;
			sourceTree = "<group>";
		};
		B3D460151B019BC0004FB8FF /* LaunchScreen.xib */ = {
			isa = PBXVariantGroup;
			children = (
				B3D460161B019BC0004FB8FF /* Base */,
			);
			name = LaunchScreen.xib;
			sourceTree = "<group>";
		};
/* End PBXVariantGroup section */

/* Begin XCBuildConfiguration section */
		B3D460241B019BC0004FB8FF /* Debug */ = {
			isa = XCBuildConfiguration;
			buildSettings = {
				ALWAYS_SEARCH_USER_PATHS = NO;
				CLANG_CXX_LANGUAGE_STANDARD = "gnu++0x";
				CLANG_CXX_LIBRARY = "libc++";
				CLANG_ENABLE_MODULES = YES;
				CLANG_ENABLE_OBJC_ARC = YES;
				CLANG_WARN_BOOL_CONVERSION = YES;
				CLANG_WARN_CONSTANT_CONVERSION = YES;
				CLANG_WARN_DIRECT_OBJC_ISA_USAGE = YES_ERROR;
				CLANG_WARN_EMPTY_BODY = YES;
				CLANG_WARN_ENUM_CONVERSION = YES;
				CLANG_WARN_INT_CONVERSION = YES;
				CLANG_WARN_OBJC_ROOT_CLASS = YES_ERROR;
				CLANG_WARN_UNREACHABLE_CODE = YES;
				CLANG_WARN__DUPLICATE_METHOD_MATCH = YES;
				"CODE_SIGN_IDENTITY[sdk=iphoneos*]" = "iPhone Developer";
				COPY_PHASE_STRIP = NO;
				DEBUG_INFORMATION_FORMAT = "dwarf-with-dsym";
				ENABLE_STRICT_OBJC_MSGSEND = YES;
				GCC_C_LANGUAGE_STANDARD = gnu99;
				GCC_DYNAMIC_NO_PIC = NO;
				GCC_NO_COMMON_BLOCKS = YES;
				GCC_OPTIMIZATION_LEVEL = 0;
				GCC_PREPROCESSOR_DEFINITIONS = (
					"DEBUG=1",
					"$(inherited)",
				);
				GCC_SYMBOLS_PRIVATE_EXTERN = NO;
				GCC_WARN_64_TO_32_BIT_CONVERSION = YES;
				GCC_WARN_ABOUT_RETURN_TYPE = YES_ERROR;
				GCC_WARN_UNDECLARED_SELECTOR = YES;
				GCC_WARN_UNINITIALIZED_AUTOS = YES_AGGRESSIVE;
				GCC_WARN_UNUSED_FUNCTION = YES;
				GCC_WARN_UNUSED_VARIABLE = YES;
				IPHONEOS_DEPLOYMENT_TARGET = 8.3;
				MTL_ENABLE_DEBUG_INFO = YES;
				ONLY_ACTIVE_ARCH = YES;
				SDKROOT = iphoneos;
				TARGETED_DEVICE_FAMILY = "1,2";
			};
			name = Debug;
		};
		B3D460251B019BC0004FB8FF /* Release */ = {
			isa = XCBuildConfiguration;
			buildSettings = {
				ALWAYS_SEARCH_USER_PATHS = NO;
				CLANG_CXX_LANGUAGE_STANDARD = "gnu++0x";
				CLANG_CXX_LIBRARY = "libc++";
				CLANG_ENABLE_MODULES = YES;
				CLANG_ENABLE_OBJC_ARC = YES;
				CLANG_WARN_BOOL_CONVERSION = YES;
				CLANG_WARN_CONSTANT_CONVERSION = YES;
				CLANG_WARN_DIRECT_OBJC_ISA_USAGE = YES_ERROR;
				CLANG_WARN_EMPTY_BODY = YES;
				CLANG_WARN_ENUM_CONVERSION = YES;
				CLANG_WARN_INT_CONVERSION = YES;
				CLANG_WARN_OBJC_ROOT_CLASS = YES_ERROR;
				CLANG_WARN_UNREACHABLE_CODE = YES;
				CLANG_WARN__DUPLICATE_METHOD_MATCH = YES;
				"CODE_SIGN_IDENTITY[sdk=iphoneos*]" = "iPhone Developer";
				COPY_PHASE_STRIP = NO;
				DEBUG_INFORMATION_FORMAT = "dwarf-with-dsym";
				ENABLE_NS_ASSERTIONS = NO;
				ENABLE_STRICT_OBJC_MSGSEND = YES;
				GCC_C_LANGUAGE_STANDARD = gnu99;
				GCC_NO_COMMON_BLOCKS = YES;
				GCC_WARN_64_TO_32_BIT_CONVERSION = YES;
				GCC_WARN_ABOUT_RETURN_TYPE = YES_ERROR;
				GCC_WARN_UNDECLARED_SELECTOR = YES;
				GCC_WARN_UNINITIALIZED_AUTOS = YES_AGGRESSIVE;
				GCC_WARN_UNUSED_FUNCTION = YES;
				GCC_WARN_UNUSED_VARIABLE = YES;
				IPHONEOS_DEPLOYMENT_TARGET = 8.3;
				MTL_ENABLE_DEBUG_INFO = NO;
				SDKROOT = iphoneos;
				TARGETED_DEVICE_FAMILY = "1,2";
				VALIDATE_PRODUCT = YES;
			};
			name = Release;
		};
		B3D460271B019BC0004FB8FF /* Debug */ = {
			isa = XCBuildConfiguration;
			buildSettings = {
				ASSETCATALOG_COMPILER_APPICON_NAME = AppIcon;
				INFOPLIST_FILE = KLTransitionStyle/Info.plist;
				LD_RUNPATH_SEARCH_PATHS = "$(inherited) @executable_path/Frameworks";
				PRODUCT_NAME = "$(TARGET_NAME)";
			};
			name = Debug;
		};
		B3D460281B019BC0004FB8FF /* Release */ = {
			isa = XCBuildConfiguration;
			buildSettings = {
				ASSETCATALOG_COMPILER_APPICON_NAME = AppIcon;
				INFOPLIST_FILE = KLTransitionStyle/Info.plist;
				LD_RUNPATH_SEARCH_PATHS = "$(inherited) @executable_path/Frameworks";
				PRODUCT_NAME = "$(TARGET_NAME)";
			};
			name = Release;
		};
		B3D4602A1B019BC0004FB8FF /* Debug */ = {
			isa = XCBuildConfiguration;
			buildSettings = {
				BUNDLE_LOADER = "$(TEST_HOST)";
				FRAMEWORK_SEARCH_PATHS = (
					"$(SDKROOT)/Developer/Library/Frameworks",
					"$(inherited)",
				);
				GCC_PREPROCESSOR_DEFINITIONS = (
					"DEBUG=1",
					"$(inherited)",
				);
				INFOPLIST_FILE = KLTransitionStyleTests/Info.plist;
				LD_RUNPATH_SEARCH_PATHS = "$(inherited) @executable_path/Frameworks @loader_path/Frameworks";
				PRODUCT_NAME = "$(TARGET_NAME)";
				TEST_HOST = "$(BUILT_PRODUCTS_DIR)/KLTransitionStyle.app/KLTransitionStyle";
			};
			name = Debug;
		};
		B3D4602B1B019BC0004FB8FF /* Release */ = {
			isa = XCBuildConfiguration;
			buildSettings = {
				BUNDLE_LOADER = "$(TEST_HOST)";
				FRAMEWORK_SEARCH_PATHS = (
					"$(SDKROOT)/Developer/Library/Frameworks",
					"$(inherited)",
				);
				INFOPLIST_FILE = KLTransitionStyleTests/Info.plist;
				LD_RUNPATH_SEARCH_PATHS = "$(inherited) @executable_path/Frameworks @loader_path/Frameworks";
				PRODUCT_NAME = "$(TARGET_NAME)";
				TEST_HOST = "$(BUILT_PRODUCTS_DIR)/KLTransitionStyle.app/KLTransitionStyle";
			};
			name = Release;
		};
/* End XCBuildConfiguration section */

/* Begin XCConfigurationList section */
		B3D45FFE1B019BC0004FB8FF /* Build configuration list for PBXProject "KLTransitionStyle" */ = {
			isa = XCConfigurationList;
			buildConfigurations = (
				B3D460241B019BC0004FB8FF /* Debug */,
				B3D460251B019BC0004FB8FF /* Release */,
			);
			defaultConfigurationIsVisible = 0;
			defaultConfigurationName = Release;
		};
		B3D460261B019BC0004FB8FF /* Build configuration list for PBXNativeTarget "KLTransitionStyle" */ = {
			isa = XCConfigurationList;
			buildConfigurations = (
				B3D460271B019BC0004FB8FF /* Debug */,
				B3D460281B019BC0004FB8FF /* Release */,
			);
			defaultConfigurationIsVisible = 0;
		};
		B3D460291B019BC0004FB8FF /* Build configuration list for PBXNativeTarget "KLTransitionStyleTests" */ = {
			isa = XCConfigurationList;
			buildConfigurations = (
				B3D4602A1B019BC0004FB8FF /* Debug */,
				B3D4602B1B019BC0004FB8FF /* Release */,
			);
			defaultConfigurationIsVisible = 0;
		};
/* End XCConfigurationList section */
	};
	rootObject = B3D45FFB1B019BC0004FB8FF /* Project object */;
}
